lockfileVersion: 5.4

specifiers:
  chrome-remote-interface: ^0.32.1

dependencies:
  chrome-remote-interface: 0.32.1

packages:

  /chrome-remote-interface/0.32.1:
    resolution: {integrity: sha512-CU3/K/8YlU2H0DjsLRbxPsG4piiSGUcIy6GkGXF11SqOYoIeuUBivOsGXScaZnTyC1p4wFSR+GNmAM434/ALWw==}
    hasBin: true
    dependencies:
      commander: 2.11.0
      ws: 7.5.9
    transitivePeerDependencies:
      - bufferutil
      - utf-8-validate
    dev: false

  /commander/2.11.0:
    resolution: {integrity: sha512-b0553uYA5YAEGgyYIGYROzKQ7X5RAqedkfjiZxwi0kL1g3bOaBNNZfYkzt/CL0umgD5wc9Jec2FbB98CjkMRvQ==}
    dev: false

  /ws/7.5.9:
    resolution: {integrity: sha512-F+P9Jil7UiSKSkppIiD94dN07AwvFixvLIj1Og1Rl9GGMuNipJnV9JzjD6XuqmAeiswGvUmNLjr5cFuXwNS77Q==}
    engines: {node: '>=8.3.0'}
    peerDependencies:
      bufferutil: ^4.0.1
      utf-8-validate: ^5.0.2
    peerDependenciesMeta:
      bufferutil:
        optional: true
      utf-8-validate:
        optional: true
    dev: false
